// !$*UTF8*$!
{
	archiveVersion = 1;
	classes = {
	};
	objectVersion = 50;
	objects = {

/* Begin PBXBuildFile section */
		4B12ADB2214B6950001175F7 /* AppDelegate.swift in Sources */ = {isa = PBXBuildFile; fileRef = 4B12ADB1214B6950001175F7 /* AppDelegate.swift */; };
		4B12ADB4214B6950001175F7 /* PowerListViewController.swift in Sources */ = {isa = PBXBuildFile; fileRef = 4B12ADB3214B6950001175F7 /* PowerListViewController.swift */; };
		4B12ADB9214B6951001175F7 /* Assets.xcassets in Resources */ = {isa = PBXBuildFile; fileRef = 4B12ADB8214B6951001175F7 /* Assets.xcassets */; };
		4B12ADBC214B6951001175F7 /* LaunchScreen.storyboard in Resources */ = {isa = PBXBuildFile; fileRef = 4B12ADBA214B6951001175F7 /* LaunchScreen.storyboard */; };
		4B12ADC4214B7014001175F7 /* Main.storyboard in Resources */ = {isa = PBXBuildFile; fileRef = 4B12ADC3214B7014001175F7 /* Main.storyboard */; };
		4B12ADC6214DF97E001175F7 /* PowerListCell.swift in Sources */ = {isa = PBXBuildFile; fileRef = 4B12ADC5214DF97E001175F7 /* PowerListCell.swift */; };
/* End PBXBuildFile section */

/* Begin PBXFileReference section */
		4B12ADAE214B6950001175F7 /* PowerLIst.app */ = {isa = PBXFileReference; explicitFileType = wrapper.application; includeInIndex = 0; path = PowerLIst.app; sourceTree = BUILT_PRODUCTS_DIR; };
		4B12ADB1214B6950001175F7 /* AppDelegate.swift */ = {isa = PBXFileReference; lastKnownFileType = sourcecode.swift; path = AppDelegate.swift; sourceTree = "<group>"; };
		4B12ADB3214B6950001175F7 /* PowerListViewController.swift */ = {isa = PBXFileReference; lastKnownFileType = sourcecode.swift; path = PowerListViewController.swift; sourceTree = "<group>"; };
		4B12ADB8214B6951001175F7 /* Assets.xcassets */ = {isa = PBXFileReference; lastKnownFileType = folder.assetcatalog; path = Assets.xcassets; sourceTree = "<group>"; };
		4B12ADBB214B6951001175F7 /* Base */ = {isa = PBXFileReference; lastKnownFileType = file.storyboard; name = Base; path = Base.lproj/LaunchScreen.storyboard; sourceTree = "<group>"; };
		4B12ADBD214B6951001175F7 /* Info.plist */ = {isa = PBXFileReference; lastKnownFileType = text.plist.xml; path = Info.plist; sourceTree = "<group>"; };
		4B12ADC3214B7014001175F7 /* Main.storyboard */ = {isa = PBXFileReference; lastKnownFileType = file.storyboard; path = Main.storyboard; sourceTree = "<group>"; };
		4B12ADC5214DF97E001175F7 /* PowerListCell.swift */ = {isa = PBXFileReference; lastKnownFileType = sourcecode.swift; path = PowerListCell.swift; sourceTree = "<group>"; };
/* End PBXFileReference section */

/* Begin PBXFrameworksBuildPhase section */
		4B12ADAB214B6950001175F7 /* Frameworks */ = {
			isa = PBXFrameworksBuildPhase;
			buildActionMask = 2147483647;
			files = (
			);
			runOnlyForDeploymentPostprocessing = 0;
		};
/* End PBXFrameworksBuildPhase section */

/* Begin PBXGroup section */
		4B12ADA5214B6950001175F7 = {
			isa = PBXGroup;
			children = (
				4B12ADB0214B6950001175F7 /* PowerLIst */,
				4B12ADAF214B6950001175F7 /* Products */,
			);
			sourceTree = "<group>";
		};
		4B12ADAF214B6950001175F7 /* Products */ = {
			isa = PBXGroup;
			children = (
				4B12ADAE214B6950001175F7 /* PowerLIst.app */,
			);
			name = Products;
			sourceTree = "<group>";
		};
		4B12ADB0214B6950001175F7 /* PowerLIst */ = {
			isa = PBXGroup;
			children = (
				4B12ADB1214B6950001175F7 /* AppDelegate.swift */,
				4B12ADC8214DF9EC001175F7 /* Controllers */,
				4B12ADC7214DF9DB001175F7 /* Data Model */,
				4B12ADC9214DFA35001175F7 /* Views */,
				4B12ADB8214B6951001175F7 /* Assets.xcassets */,
				4B12ADBA214B6951001175F7 /* LaunchScreen.storyboard */,
				4B12ADBD214B6951001175F7 /* Info.plist */,
			);
			path = PowerLIst;
			sourceTree = "<group>";
		};
		4B12ADC7214DF9DB001175F7 /* Data Model */ = {
			isa = PBXGroup;
			children = (
				4B12ADC5214DF97E001175F7 /* PowerListCell.swift */,
			);
			path = "Data Model";
			sourceTree = "<group>";
		};
		4B12ADC8214DF9EC001175F7 /* Controllers */ = {
			isa = PBXGroup;
			children = (
				4B12ADB3214B6950001175F7 /* PowerListViewController.swift */,
			);
			path = Controllers;
			sourceTree = "<group>";
		};
		4B12ADC9214DFA35001175F7 /* Views */ = {
			isa = PBXGroup;
			children = (
				4B12ADC3214B7014001175F7 /* Main.storyboard */,
			);
			path = Views;
			sourceTree = "<group>";
		};
/* End PBXGroup section */

/* Begin PBXNativeTarget section */
		4B12ADAD214B6950001175F7 /* PowerLIst */ = {
			isa = PBXNativeTarget;
			buildConfigurationList = 4B12ADC0214B6951001175F7 /* Build configuration list for PBXNativeTarget "PowerLIst" */;
			buildPhases = (
				4B12ADAA214B6950001175F7 /* Sources */,
				4B12ADAB214B6950001175F7 /* Frameworks */,
				4B12ADAC214B6950001175F7 /* Resources */,
			);
			buildRules = (
			);
			dependencies = (
			);
			name = PowerLIst;
			productName = PowerLIst;
			productReference = 4B12ADAE214B6950001175F7 /* PowerLIst.app */;
			productType = "com.apple.product-type.application";
		};
/* End PBXNativeTarget section */

/* Begin PBXProject section */
		4B12ADA6214B6950001175F7 /* Project object */ = {
			isa = PBXProject;
			attributes = {
				LastSwiftUpdateCheck = 0940;
				LastUpgradeCheck = 0940;
				ORGANIZATIONNAME = "Anthony Anisimov";
				TargetAttributes = {
					4B12ADAD214B6950001175F7 = {
						CreatedOnToolsVersion = 9.4.1;
					};
				};
			};
			buildConfigurationList = 4B12ADA9214B6950001175F7 /* Build configuration list for PBXProject "PowerLIst" */;
			compatibilityVersion = "Xcode 9.3";
			developmentRegion = en;
			hasScannedForEncodings = 0;
			knownRegions = (
				en,
				Base,
			);
			mainGroup = 4B12ADA5214B6950001175F7;
			productRefGroup = 4B12ADAF214B6950001175F7 /* Products */;
			projectDirPath = "";
			projectRoot = "";
			targets = (
				4B12ADAD214B6950001175F7 /* PowerLIst */,
			);
		};
/* End PBXProject section */

/* Begin PBXResourcesBuildPhase section */
		4B12ADAC214B6950001175F7 /* Resources */ = {
			isa = PBXResourcesBuildPhase;
			buildActionMask = 2147483647;
			files = (
				4B12ADBC214B6951001175F7 /* LaunchScreen.storyboard in Resources */,
				4B12ADB9214B6951001175F7 /* Assets.xcassets in Resources */,
				4B12ADC4214B7014001175F7 /* Main.storyboard in Resources */,
			);
			runOnlyForDeploymentPostprocessing = 0;
		};
/* End PBXResourcesBuildPhase section */

/* Begin PBXSourcesBuildPhase section */
		4B12ADAA214B6950001175F7 /* Sources */ = {
			isa = PBXSourcesBuildPhase;
			buildActionMask = 2147483647;
			files = (
				4B12ADB4214B6950001175F7 /* PowerListViewController.swift in Sources */,
				4B12ADB2214B6950001175F7 /* AppDelegate.swift in Sources */,
				4B12ADC6214DF97E001175F7 /* PowerListCell.swift in Sources */,
			);
			runOnlyForDeploymentPostprocessing = 0;
		};
/* End PBXSourcesBuildPhase section */

/* Begin PBXVariantGroup section */
		4B12ADBA214B6951001175F7 /* LaunchScreen.storyboard */ = {
			isa = PBXVariantGroup;
			children = (
				4B12ADBB214B6951001175F7 /* Base */,
			);
			name = LaunchScreen.storyboard;
			sourceTree = "<group>";
		};
/* End PBXVariantGroup section */

/* Begin XCBuildConfiguration section */
		4B12ADBE214B6951001175F7 /* Debug */ = {
			isa = XCBuildConfiguration;
			buildSettings = {
				ALWAYS_SEARCH_USER_PATHS = NO;
				CLANG_ANALYZER_NONNULL = YES;
				CLANG_ANALYZER_NUMBER_OBJECT_CONVERSION = YES_AGGRESSIVE;
				CLANG_CXX_LANGUAGE_STANDARD = "gnu++14";
				CLANG_CXX_LIBRARY = "libc++";
				CLANG_ENABLE_MODULES = YES;
				CLANG_ENABLE_OBJC_ARC = YES;
				CLANG_ENABLE_OBJC_WEAK = YES;
				CLANG_WARN_BLOCK_CAPTURE_AUTORELEASING = YES;
				CLANG_WARN_BOOL_CONVERSION = YES;
				CLANG_WARN_COMMA = YES;
				CLANG_WARN_CONSTANT_CONVERSION = YES;
				CLANG_WARN_DEPRECATED_OBJC_IMPLEMENTATIONS = YES;
				CLANG_WARN_DIRECT_OBJC_ISA_USAGE = YES_ERROR;
				CLANG_WARN_DOCUMENTATION_COMMENTS = YES;
				CLANG_WARN_EMPTY_BODY = YES;
				CLANG_WARN_ENUM_CONVERSION = YES;
				CLANG_WARN_INFINITE_RECURSION = YES;
				CLANG_WARN_INT_CONVERSION = YES;
				CLANG_WARN_NON_LITERAL_NULL_CONVERSION = YES;
				CLANG_WARN_OBJC_IMPLICIT_RETAIN_SELF = YES;
				CLANG_WARN_OBJC_LITERAL_CONVERSION = YES;
				CLANG_WARN_OBJC_ROOT_CLASS = YES_ERROR;
				CLANG_WARN_RANGE_LOOP_ANALYSIS = YES;
				CLANG_WARN_STRICT_PROTOTYPES = YES;
				CLANG_WARN_SUSPICIOUS_MOVE = YES;
				CLANG_WARN_UNGUARDED_AVAILABILITY = YES_AGGRESSIVE;
				CLANG_WARN_UNREACHABLE_CODE = YES;
				CLANG_WARN__DUPLICATE_METHOD_MATCH = YES;
				CODE_SIGN_IDENTITY = "iPhone Developer";
				COPY_PHASE_STRIP = NO;
				DEBUG_INFORMATION_FORMAT = dwarf;
				ENABLE_STRICT_OBJC_MSGSEND = YES;
				ENABLE_TESTABILITY = YES;
				GCC_C_LANGUAGE_STANDARD = gnu11;
				GCC_DYNAMIC_NO_PIC = NO;
				GCC_NO_COMMON_BLOCKS = YES;
				GCC_OPTIMIZATION_LEVEL = 0;
				GCC_PREPROCESSOR_DEFINITIONS = (
					"DEBUG=1",
					"$(inherited)",
				);
				GCC_WARN_64_TO_32_BIT_CONVERSION = YES;
				GCC_WARN_ABOUT_RETURN_TYPE = YES_ERROR;
				GCC_WARN_UNDECLARED_SELECTOR = YES;
				GCC_WARN_UNINITIALIZED_AUTOS = YES_AGGRESSIVE;
				GCC_WARN_UNUSED_FUNCTION = YES;
				GCC_WARN_UNUSED_VARIABLE = YES;
				IPHONEOS_DEPLOYMENT_TARGET = 11.4;
				MTL_ENABLE_DEBUG_INFO = YES;
				ONLY_ACTIVE_ARCH = YES;
				SDKROOT = iphoneos;
				SWIFT_ACTIVE_COMPILATION_CONDITIONS = DEBUG;
				SWIFT_OPTIMIZATION_LEVEL = "-Onone";
			};
			name = Debug;
		};
		4B12ADBF214B6951001175F7 /* Release */ = {
			isa = XCBuildConfiguration;
			buildSettings = {
				ALWAYS_SEARCH_USER_PATHS = NO;
				CLANG_ANALYZER_NONNULL = YES;
				CLANG_ANALYZER_NUMBER_OBJECT_CONVERSION = YES_AGGRESSIVE;
				CLANG_CXX_LANGUAGE_STANDARD = "gnu++14";
				CLANG_CXX_LIBRARY = "libc++";
				CLANG_ENABLE_MODULES = YES;
				CLANG_ENABLE_OBJC_ARC = YES;
				CLANG_ENABLE_OBJC_WEAK = YES;
				CLANG_WARN_BLOCK_CAPTURE_AUTORELEASING = YES;
				CLANG_WARN_BOOL_CONVERSION = YES;
				CLANG_WARN_COMMA = YES;
				CLANG_WARN_CONSTANT_CONVERSION = YES;
				CLANG_WARN_DEPRECATED_OBJC_IMPLEMENTATIONS = YES;
				CLANG_WARN_DIRECT_OBJC_ISA_USAGE = YES_ERROR;
				CLANG_WARN_DOCUMENTATION_COMMENTS = YES;
				CLANG_WARN_EMPTY_BODY = YES;
				CLANG_WARN_ENUM_CONVERSION = YES;
				CLANG_WARN_INFINITE_RECURSION = YES;
				CLANG_WARN_INT_CONVERSION = YES;
				CLANG_WARN_NON_LITERAL_NULL_CONVERSION = YES;
				CLANG_WARN_OBJC_IMPLICIT_RETAIN_SELF = YES;
				CLANG_WARN_OBJC_LITERAL_CONVERSION = YES;
				CLANG_WARN_OBJC_ROOT_CLASS = YES_ERROR;
				CLANG_WARN_RANGE_LOOP_ANALYSIS = YES;
				CLANG_WARN_STRICT_PROTOTYPES = YES;
				CLANG_WARN_SUSPICIOUS_MOVE = YES;
				CLANG_WARN_UNGUARDED_AVAILABILITY = YES_AGGRESSIVE;
				CLANG_WARN_UNREACHABLE_CODE = YES;
				CLANG_WARN__DUPLICATE_METHOD_MATCH = YES;
				CODE_SIGN_IDENTITY = "iPhone Developer";
				COPY_PHASE_STRIP = NO;
				DEBUG_INFORMATION_FORMAT = "dwarf-with-dsym";
				ENABLE_NS_ASSERTIONS = NO;
				ENABLE_STRICT_OBJC_MSGSEND = YES;
				GCC_C_LANGUAGE_STANDARD = gnu11;
				GCC_NO_COMMON_BLOCKS = YES;
				GCC_WARN_64_TO_32_BIT_CONVERSION = YES;
				GCC_WARN_ABOUT_RETURN_TYPE = YES_ERROR;
				GCC_WARN_UNDECLARED_SELECTOR = YES;
				GCC_WARN_UNINITIALIZED_AUTOS = YES_AGGRESSIVE;
				GCC_WARN_UNUSED_FUNCTION = YES;
				GCC_WARN_UNUSED_VARIABLE = YES;
				IPHONEOS_DEPLOYMENT_TARGET = 11.4;
				MTL_ENABLE_DEBUG_INFO = NO;
				SDKROOT = iphoneos;
				SWIFT_COMPILATION_MODE = wholemodule;
				SWIFT_OPTIMIZATION_LEVEL = "-O";
				VALIDATE_PRODUCT = YES;
			};
			name = Release;
		};
		4B12ADC1214B6951001175F7 /* Debug */ = {
			isa = XCBuildConfiguration;
			buildSettings = {
				ASSETCATALOG_COMPILER_APPICON_NAME = AppIcon;
				CODE_SIGN_STYLE = Automatic;
				DEVELOPMENT_TEAM = XP5H4CZU27;
				INFOPLIST_FILE = PowerLIst/Info.plist;
				LD_RUNPATH_SEARCH_PATHS = (
					"$(inherited)",
					"@executable_path/Frameworks",
				);
				PRODUCT_BUNDLE_IDENTIFIER = Anisimov.PowerLIst;
				PRODUCT_NAME = "$(TARGET_NAME)";
				SWIFT_VERSION = 4.0;
				TARGETED_DEVICE_FAMILY = "1,2";
			};
			name = Debug;
		};
		4B12ADC2214B6951001175F7 /* Release */ = {
			isa = XCBuildConfiguration;
			buildSettings = {
				ASSETCATALOG_COMPILER_APPICON_NAME = AppIcon;
				CODE_SIGN_STYLE = Automatic;
				DEVELOPMENT_TEAM = XP5H4CZU27;
				INFOPLIST_FILE = PowerLIst/Info.plist;
				LD_RUNPATH_SEARCH_PATHS = (
					"$(inherited)",
					"@executable_path/Frameworks",
				);
				PRODUCT_BUNDLE_IDENTIFIER = Anisimov.PowerLIst;
				PRODUCT_NAME = "$(TARGET_NAME)";
				SWIFT_VERSION = 4.0;
				TARGETED_DEVICE_FAMILY = "1,2";
			};
			name = Release;
		};
/* End XCBuildConfiguration section */

/* Begin XCConfigurationList section */
		4B12ADA9214B6950001175F7 /* Build configuration list for PBXProject "PowerLIst" */ = {
			isa = XCConfigurationList;
			buildConfigurations = (
				4B12ADBE214B6951001175F7 /* Debug */,
				4B12ADBF214B6951001175F7 /* Release */,
			);
			defaultConfigurationIsVisible = 0;
			defaultConfigurationName = Release;
		};
		4B12ADC0214B6951001175F7 /* Build configuration list for PBXNativeTarget "PowerLIst" */ = {
			isa = XCConfigurationList;
			buildConfigurations = (
				4B12ADC1214B6951001175F7 /* Debug */,
				4B12ADC2214B6951001175F7 /* Release */,
			);
			defaultConfigurationIsVisible = 0;
			defaultConfigurationName = Release;
		};
/* End XCConfigurationList section */
	};
	rootObject = 4B12ADA6214B6950001175F7 /* Project object */;
}
